{
  "name": "tanstack-ai-noop-bridge-repro",
  "lockfileVersion": 3,
  "requires": true,
  "packages": {
    "": {
      "name": "tanstack-ai-noop-bridge-repro",
      "dependencies": {
        "@tanstack/ai-client": "0.16.3"
      }
    },
    "node_modules/@ag-ui/core": {
      "version": "0.0.52",
      "resolved": "https://registry.npmjs.org/@ag-ui/core/-/core-0.0.52.tgz",
      "integrity": "sha512-Xo0bUaNV56EqylzcrAuhUkQX7et7+SZIrqZZtEByGwEq/I1EHny6ZMkWHLkKR7UNi0FJZwJyhKYmKJS3B2SEgA==",
      "dependencies": {
        "zod": "^3.22.4"
      }
    },
    "node_modules/@standard-schema/spec": {
      "version": "1.1.0",
      "resolved": "https://registry.npmjs.org/@standard-schema/spec/-/spec-1.1.0.tgz",
      "integrity": "sha512-l2aFy5jALhniG5HgqrD6jXLi/rUWrKvqN/qJx6yoJsgKhblVd+iqqU4RCXavm/jPityDo5TCvKMnpjKnOriy0w==",
      "license": "MIT"
    },
    "node_modules/@tanstack/ai": {
      "version": "0.28.0",
      "resolved": "https://registry.npmjs.org/@tanstack/ai/-/ai-0.28.0.tgz",
      "integrity": "sha512-DT02H5CeqtsdH90bb1hx3zIxboiyMjuQPzbj7ov3uVkMWIFjuCjhgJbc7w27AY38ewd4d8G63QHYj4AnMSEB9Q==",
      "license": "MIT",
      "dependencies": {
        "@ag-ui/core": "^0.0.52",
        "@standard-schema/spec": "^1.1.0",
        "@tanstack/ai-event-client": "0.5.4",
        "partial-json": "^0.1.7"
      },
      "engines": {
        "node": ">=18"
      },
      "peerDependencies": {
        "@opentelemetry/api": ">=1.9.0"
      },
      "peerDependenciesMeta": {
        "@opentelemetry/api": {
          "optional": true
        }
      }
    },
    "node_modules/@tanstack/ai-client": {
      "version": "0.16.3",
      "resolved": "https://registry.npmjs.org/@tanstack/ai-client/-/ai-client-0.16.3.tgz",
      "integrity": "sha512-BOKFTPWFVt39zeNrDl8m+/7ADjW5E4k4Hs2/SlfbuwWhDEIJzd4p0wgnWV+6SvRWshDTsmc7x1c6Zk2qsQSCxQ==",
      "license": "MIT",
      "dependencies": {
        "@tanstack/ai": "0.28.0",
        "@tanstack/ai-event-client": "0.5.4"
      }
    },
    "node_modules/@tanstack/ai-event-client": {
      "version": "0.5.4",
      "resolved": "https://registry.npmjs.org/@tanstack/ai-event-client/-/ai-event-client-0.5.4.tgz",
      "integrity": "sha512-DoF6LKkGCVeF0N6Vky3DdhYxseTZfvTpOkhEQud/Za/GLQ+5p1xH4egQX8oZJkx1S6HZEZTQA1hKSGFYGULtFw==",
      "license": "MIT",
      "dependencies": {
        "@tanstack/devtools-event-client": "^0.4.1"
      },
      "peerDependencies": {
        "@tanstack/ai": "0.28.0"
      }
    },
    "node_modules/@tanstack/devtools-event-client": {
      "version": "0.4.3",
      "resolved": "https://registry.npmjs.org/@tanstack/devtools-event-client/-/devtools-event-client-0.4.3.tgz",
      "integrity": "sha512-OZI6QyULw0FI0wjgmeYzCIfbgPsOEzwJtCpa69XrfLMtNXLGnz3d/dIabk7frg0TmHo+Ah49w5I4KC7Tufwsvw==",
      "license": "MIT",
      "bin": {
        "intent": "bin/intent.js"
      },
      "engines": {
        "node": ">=18"
      },
      "funding": {
        "type": "github",
        "url": "https://github.com/sponsors/tannerlinsley"
      }
    },
    "node_modules/partial-json": {
      "version": "0.1.7",
      "resolved": "https://registry.npmjs.org/partial-json/-/partial-json-0.1.7.tgz",
      "integrity": "sha512-Njv/59hHaokb/hRUjce3Hdv12wd60MtM9Z5Olmn+nehe0QDAsRtRbJPvJ0Z91TusF0SuZRIvnM+S4l6EIP8leA==",
      "license": "MIT"
    },
    "node_modules/zod": {
      "version": "3.25.76",
      "resolved": "https://registry.npmjs.org/zod/-/zod-3.25.76.tgz",
      "integrity": "sha512-gzUt/qt81nXsFGKIFcC3YnfEAx5NkunCfnDlvuBSSFS02bcXu4Lmea0AFIUwbLWxWPx3d9p8S5QoaujKcNQxcQ==",
      "license": "MIT",
      "funding": {
        "url": "https://github.com/sponsors/colinhacks"
      }
    }
  }
}
